
Microsoft Visual Studio Solution File, Format Version 12.00
# Visual Studio 15
VisualStudioVersion = 15.0.28307.1525
MinimumVisualStudioVersion = 10.0.40219.1
Project("{FAE04EC0-301F-11D3-BF4B-00C04F79EFBC}") = "00_ScriptEditorUtility", "ScriptEditorUtility\00_ScriptEditorUtility.csproj", "{7FEA4C0B-36FC-4F72-8BBE-265ADD19A36C}"
EndProject
Project("{FAE04EC0-301F-11D3-BF4B-00C04F79EFBC}") = "01_Chara", "Chara\01_Chara.csproj", "{8AC66ABB-4575-4D34-8780-1F6EA3BDB4B8}"
	ProjectSection(ProjectDependencies) = postProject
		{7FEA4C0B-36FC-4F72-8BBE-265ADD19A36C} = {7FEA4C0B-36FC-4F72-8BBE-265ADD19A36C}
	EndProjectSection
EndProject
Project("{FAE04EC0-301F-11D3-BF4B-00C04F79EFBC}") = "test01_Ctrl_Branch", "testCtrl_Branch\test01_Ctrl_Branch.csproj", "{A703B66F-FE3C-4829-B7D4-42A0D90F058F}"
	ProjectSection(ProjectDependencies) = postProject
		{7FEA4C0B-36FC-4F72-8BBE-265ADD19A36C} = {7FEA4C0B-36FC-4F72-8BBE-265ADD19A36C}
		{8E9BE4C1-7111-43A2-8F5E-8951DF25AF53} = {8E9BE4C1-7111-43A2-8F5E-8951DF25AF53}
	EndProjectSection
EndProject
Project("{FAE04EC0-301F-11D3-BF4B-00C04F79EFBC}") = "02_Ctrl_Chara", "Ctrl_Chara\02_Ctrl_Chara.csproj", "{8E9BE4C1-7111-43A2-8F5E-8951DF25AF53}"
	ProjectSection(ProjectDependencies) = postProject
		{7FEA4C0B-36FC-4F72-8BBE-265ADD19A36C} = {7FEA4C0B-36FC-4F72-8BBE-265ADD19A36C}
		{8AC66ABB-4575-4D34-8780-1F6EA3BDB4B8} = {8AC66ABB-4575-4D34-8780-1F6EA3BDB4B8}
	EndProjectSection
EndProject
Project("{FAE04EC0-301F-11D3-BF4B-00C04F79EFBC}") = "test02_Ctrl_Route", "testCtrl_Route\test02_Ctrl_Route.csproj", "{9E2FE991-BAD1-42E4-A92A-5CC2D04D9D8E}"
EndProject
Project("{FAE04EC0-301F-11D3-BF4B-00C04F79EFBC}") = "test03_Ctrl_SqcList", "testCtrl_SqcList\test03_Ctrl_SqcList.csproj", "{7DD8555A-9253-4E06-8E04-0FFA3888A121}"
	ProjectSection(ProjectDependencies) = postProject
		{7FEA4C0B-36FC-4F72-8BBE-265ADD19A36C} = {7FEA4C0B-36FC-4F72-8BBE-265ADD19A36C}
		{8AC66ABB-4575-4D34-8780-1F6EA3BDB4B8} = {8AC66ABB-4575-4D34-8780-1F6EA3BDB4B8}
	EndProjectSection
EndProject
Project("{FAE04EC0-301F-11D3-BF4B-00C04F79EFBC}") = "test00_Ctrl_Command", "testCtrl_Command\test00_Ctrl_Command.csproj", "{A9C65EB7-6FF4-4D71-8ABA-294FA7B59E65}"
EndProject
Project("{FAE04EC0-301F-11D3-BF4B-00C04F79EFBC}") = "test04_Ctrl_Script", "test04_Ctrl_Script\test04_Ctrl_Script.csproj", "{C3C8B89A-33F4-4FDE-B83F-4C3F4DB9AEE3}"
	ProjectSection(ProjectDependencies) = postProject
		{7FEA4C0B-36FC-4F72-8BBE-265ADD19A36C} = {7FEA4C0B-36FC-4F72-8BBE-265ADD19A36C}
		{8AC66ABB-4575-4D34-8780-1F6EA3BDB4B8} = {8AC66ABB-4575-4D34-8780-1F6EA3BDB4B8}
		{8E9BE4C1-7111-43A2-8F5E-8951DF25AF53} = {8E9BE4C1-7111-43A2-8F5E-8951DF25AF53}
	EndProjectSection
EndProject
Project("{FAE04EC0-301F-11D3-BF4B-00C04F79EFBC}") = "test035_Tab_Ctrl_SqcList", "test035_Tab_Ctrl_SqcList\test035_Tab_Ctrl_SqcList.csproj", "{5E0368DD-FA41-457E-B00A-621215F33C3A}"
EndProject
Project("{FAE04EC0-301F-11D3-BF4B-00C04F79EFBC}") = "test05_Ctrl_ListRect", "test05_Ctrl_ListRect\test05_Ctrl_ListRect.csproj", "{82EE4FD0-96F7-4CD5-AE2C-79D090046A93}"
EndProject
Project("{FAE04EC0-301F-11D3-BF4B-00C04F79EFBC}") = "03_KeyConfig", "KeyConfig\03_KeyConfig.csproj", "{BBD091FD-C176-4A2F-B2B3-35C300D85D7F}"
	ProjectSection(ProjectDependencies) = postProject
		{7FEA4C0B-36FC-4F72-8BBE-265ADD19A36C} = {7FEA4C0B-36FC-4F72-8BBE-265ADD19A36C}
	EndProjectSection
EndProject
Project("{FAE04EC0-301F-11D3-BF4B-00C04F79EFBC}") = "test06_KeyConfig", "test06_KeyConfig\test06_KeyConfig.csproj", "{51A8129E-0FF9-44A9-81F4-44B70950ADB2}"
	ProjectSection(ProjectDependencies) = postProject
		{7FEA4C0B-36FC-4F72-8BBE-265ADD19A36C} = {7FEA4C0B-36FC-4F72-8BBE-265ADD19A36C}
		{BBD091FD-C176-4A2F-B2B3-35C300D85D7F} = {BBD091FD-C176-4A2F-B2B3-35C300D85D7F}
	EndProjectSection
EndProject
Project("{FAE04EC0-301F-11D3-BF4B-00C04F79EFBC}") = "test07_CharaIOBin", "test07_CharaIOBin\test07_CharaIOBin.csproj", "{B02DA989-8ED6-4943-AE04-13F8DFE82396}"
	ProjectSection(ProjectDependencies) = postProject
		{7FEA4C0B-36FC-4F72-8BBE-265ADD19A36C} = {7FEA4C0B-36FC-4F72-8BBE-265ADD19A36C}
		{8AC66ABB-4575-4D34-8780-1F6EA3BDB4B8} = {8AC66ABB-4575-4D34-8780-1F6EA3BDB4B8}
	EndProjectSection
EndProject
Global
	GlobalSection(SolutionConfigurationPlatforms) = preSolution
		Debug|Any CPU = Debug|Any CPU
		Debug|x86 = Debug|x86
		Release|Any CPU = Release|Any CPU
		Release|x86 = Release|x86
	EndGlobalSection
	GlobalSection(ProjectConfigurationPlatforms) = postSolution
		{7FEA4C0B-36FC-4F72-8BBE-265ADD19A36C}.Debug|Any CPU.ActiveCfg = Debug|Any CPU
		{7FEA4C0B-36FC-4F72-8BBE-265ADD19A36C}.Debug|Any CPU.Build.0 = Debug|Any CPU
		{7FEA4C0B-36FC-4F72-8BBE-265ADD19A36C}.Debug|x86.ActiveCfg = Debug|x86
		{7FEA4C0B-36FC-4F72-8BBE-265ADD19A36C}.Debug|x86.Build.0 = Debug|x86
		{7FEA4C0B-36FC-4F72-8BBE-265ADD19A36C}.Release|Any CPU.ActiveCfg = Debug|Any CPU
		{7FEA4C0B-36FC-4F72-8BBE-265ADD19A36C}.Release|Any CPU.Build.0 = Debug|Any CPU
		{7FEA4C0B-36FC-4F72-8BBE-265ADD19A36C}.Release|x86.ActiveCfg = Release|x86
		{7FEA4C0B-36FC-4F72-8BBE-265ADD19A36C}.Release|x86.Build.0 = Release|x86
		{8AC66ABB-4575-4D34-8780-1F6EA3BDB4B8}.Debug|Any CPU.ActiveCfg = Debug|Any CPU
		{8AC66ABB-4575-4D34-8780-1F6EA3BDB4B8}.Debug|Any CPU.Build.0 = Debug|Any CPU
		{8AC66ABB-4575-4D34-8780-1F6EA3BDB4B8}.Debug|x86.ActiveCfg = Debug|x86
		{8AC66ABB-4575-4D34-8780-1F6EA3BDB4B8}.Debug|x86.Build.0 = Debug|x86
		{8AC66ABB-4575-4D34-8780-1F6EA3BDB4B8}.Release|Any CPU.ActiveCfg = Debug|Any CPU
		{8AC66ABB-4575-4D34-8780-1F6EA3BDB4B8}.Release|Any CPU.Build.0 = Debug|Any CPU
		{8AC66ABB-4575-4D34-8780-1F6EA3BDB4B8}.Release|x86.ActiveCfg = Release|x86
		{8AC66ABB-4575-4D34-8780-1F6EA3BDB4B8}.Release|x86.Build.0 = Release|x86
		{A703B66F-FE3C-4829-B7D4-42A0D90F058F}.Debug|Any CPU.ActiveCfg = Debug|Any CPU
		{A703B66F-FE3C-4829-B7D4-42A0D90F058F}.Debug|Any CPU.Build.0 = Debug|Any CPU
		{A703B66F-FE3C-4829-B7D4-42A0D90F058F}.Debug|x86.ActiveCfg = Debug|x86
		{A703B66F-FE3C-4829-B7D4-42A0D90F058F}.Debug|x86.Build.0 = Debug|x86
		{A703B66F-FE3C-4829-B7D4-42A0D90F058F}.Release|Any CPU.ActiveCfg = Debug|Any CPU
		{A703B66F-FE3C-4829-B7D4-42A0D90F058F}.Release|Any CPU.Build.0 = Debug|Any CPU
		{A703B66F-FE3C-4829-B7D4-42A0D90F058F}.Release|x86.ActiveCfg = Release|x86
		{A703B66F-FE3C-4829-B7D4-42A0D90F058F}.Release|x86.Build.0 = Release|x86
		{8E9BE4C1-7111-43A2-8F5E-8951DF25AF53}.Debug|Any CPU.ActiveCfg = Debug|Any CPU
		{8E9BE4C1-7111-43A2-8F5E-8951DF25AF53}.Debug|Any CPU.Build.0 = Debug|Any CPU
		{8E9BE4C1-7111-43A2-8F5E-8951DF25AF53}.Debug|x86.ActiveCfg = Debug|x86
		{8E9BE4C1-7111-43A2-8F5E-8951DF25AF53}.Debug|x86.Build.0 = Debug|x86
		{8E9BE4C1-7111-43A2-8F5E-8951DF25AF53}.Release|Any CPU.ActiveCfg = Debug|Any CPU
		{8E9BE4C1-7111-43A2-8F5E-8951DF25AF53}.Release|Any CPU.Build.0 = Debug|Any CPU
		{8E9BE4C1-7111-43A2-8F5E-8951DF25AF53}.Release|x86.ActiveCfg = Release|x86
		{8E9BE4C1-7111-43A2-8F5E-8951DF25AF53}.Release|x86.Build.0 = Release|x86
		{9E2FE991-BAD1-42E4-A92A-5CC2D04D9D8E}.Debug|Any CPU.ActiveCfg = Debug|Any CPU
		{9E2FE991-BAD1-42E4-A92A-5CC2D04D9D8E}.Debug|Any CPU.Build.0 = Debug|Any CPU
		{9E2FE991-BAD1-42E4-A92A-5CC2D04D9D8E}.Debug|x86.ActiveCfg = Debug|x86
		{9E2FE991-BAD1-42E4-A92A-5CC2D04D9D8E}.Debug|x86.Build.0 = Debug|x86
		{9E2FE991-BAD1-42E4-A92A-5CC2D04D9D8E}.Release|Any CPU.ActiveCfg = Debug|Any CPU
		{9E2FE991-BAD1-42E4-A92A-5CC2D04D9D8E}.Release|Any CPU.Build.0 = Debug|Any CPU
		{9E2FE991-BAD1-42E4-A92A-5CC2D04D9D8E}.Release|x86.ActiveCfg = Release|x86
		{9E2FE991-BAD1-42E4-A92A-5CC2D04D9D8E}.Release|x86.Build.0 = Release|x86
		{7DD8555A-9253-4E06-8E04-0FFA3888A121}.Debug|Any CPU.ActiveCfg = Debug|Any CPU
		{7DD8555A-9253-4E06-8E04-0FFA3888A121}.Debug|Any CPU.Build.0 = Debug|Any CPU
		{7DD8555A-9253-4E06-8E04-0FFA3888A121}.Debug|x86.ActiveCfg = Debug|x86
		{7DD8555A-9253-4E06-8E04-0FFA3888A121}.Debug|x86.Build.0 = Debug|x86
		{7DD8555A-9253-4E06-8E04-0FFA3888A121}.Release|Any CPU.ActiveCfg = Debug|Any CPU
		{7DD8555A-9253-4E06-8E04-0FFA3888A121}.Release|Any CPU.Build.0 = Debug|Any CPU
		{7DD8555A-9253-4E06-8E04-0FFA3888A121}.Release|x86.ActiveCfg = Release|x86
		{7DD8555A-9253-4E06-8E04-0FFA3888A121}.Release|x86.Build.0 = Release|x86
		{A9C65EB7-6FF4-4D71-8ABA-294FA7B59E65}.Debug|Any CPU.ActiveCfg = Debug|Any CPU
		{A9C65EB7-6FF4-4D71-8ABA-294FA7B59E65}.Debug|Any CPU.Build.0 = Debug|Any CPU
		{A9C65EB7-6FF4-4D71-8ABA-294FA7B59E65}.Debug|x86.ActiveCfg = Debug|x86
		{A9C65EB7-6FF4-4D71-8ABA-294FA7B59E65}.Debug|x86.Build.0 = Debug|x86
		{A9C65EB7-6FF4-4D71-8ABA-294FA7B59E65}.Release|Any CPU.ActiveCfg = Debug|Any CPU
		{A9C65EB7-6FF4-4D71-8ABA-294FA7B59E65}.Release|Any CPU.Build.0 = Debug|Any CPU
		{A9C65EB7-6FF4-4D71-8ABA-294FA7B59E65}.Release|x86.ActiveCfg = Release|x86
		{A9C65EB7-6FF4-4D71-8ABA-294FA7B59E65}.Release|x86.Build.0 = Release|x86
		{C3C8B89A-33F4-4FDE-B83F-4C3F4DB9AEE3}.Debug|Any CPU.ActiveCfg = Debug|Any CPU
		{C3C8B89A-33F4-4FDE-B83F-4C3F4DB9AEE3}.Debug|Any CPU.Build.0 = Debug|Any CPU
		{C3C8B89A-33F4-4FDE-B83F-4C3F4DB9AEE3}.Debug|x86.ActiveCfg = Debug|x86
		{C3C8B89A-33F4-4FDE-B83F-4C3F4DB9AEE3}.Debug|x86.Build.0 = Debug|x86
		{C3C8B89A-33F4-4FDE-B83F-4C3F4DB9AEE3}.Release|Any CPU.ActiveCfg = Debug|Any CPU
		{C3C8B89A-33F4-4FDE-B83F-4C3F4DB9AEE3}.Release|Any CPU.Build.0 = Debug|Any CPU
		{C3C8B89A-33F4-4FDE-B83F-4C3F4DB9AEE3}.Release|x86.ActiveCfg = Release|x86
		{C3C8B89A-33F4-4FDE-B83F-4C3F4DB9AEE3}.Release|x86.Build.0 = Release|x86
		{5E0368DD-FA41-457E-B00A-621215F33C3A}.Debug|Any CPU.ActiveCfg = Debug|Any CPU
		{5E0368DD-FA41-457E-B00A-621215F33C3A}.Debug|Any CPU.Build.0 = Debug|Any CPU
		{5E0368DD-FA41-457E-B00A-621215F33C3A}.Debug|x86.ActiveCfg = Debug|x86
		{5E0368DD-FA41-457E-B00A-621215F33C3A}.Debug|x86.Build.0 = Debug|x86
		{5E0368DD-FA41-457E-B00A-621215F33C3A}.Release|Any CPU.ActiveCfg = Release|Any CPU
		{5E0368DD-FA41-457E-B00A-621215F33C3A}.Release|Any CPU.Build.0 = Release|Any CPU
		{5E0368DD-FA41-457E-B00A-621215F33C3A}.Release|x86.ActiveCfg = Release|x86
		{5E0368DD-FA41-457E-B00A-621215F33C3A}.Release|x86.Build.0 = Release|x86
		{82EE4FD0-96F7-4CD5-AE2C-79D090046A93}.Debug|Any CPU.ActiveCfg = Debug|Any CPU
		{82EE4FD0-96F7-4CD5-AE2C-79D090046A93}.Debug|Any CPU.Build.0 = Debug|Any CPU
		{82EE4FD0-96F7-4CD5-AE2C-79D090046A93}.Debug|x86.ActiveCfg = Debug|x86
		{82EE4FD0-96F7-4CD5-AE2C-79D090046A93}.Debug|x86.Build.0 = Debug|x86
		{82EE4FD0-96F7-4CD5-AE2C-79D090046A93}.Release|Any CPU.ActiveCfg = Release|Any CPU
		{82EE4FD0-96F7-4CD5-AE2C-79D090046A93}.Release|Any CPU.Build.0 = Release|Any CPU
		{82EE4FD0-96F7-4CD5-AE2C-79D090046A93}.Release|x86.ActiveCfg = Release|x86
		{82EE4FD0-96F7-4CD5-AE2C-79D090046A93}.Release|x86.Build.0 = Release|x86
		{BBD091FD-C176-4A2F-B2B3-35C300D85D7F}.Debug|Any CPU.ActiveCfg = Debug|Any CPU
		{BBD091FD-C176-4A2F-B2B3-35C300D85D7F}.Debug|Any CPU.Build.0 = Debug|Any CPU
		{BBD091FD-C176-4A2F-B2B3-35C300D85D7F}.Debug|x86.ActiveCfg = Debug|x86
		{BBD091FD-C176-4A2F-B2B3-35C300D85D7F}.Debug|x86.Build.0 = Debug|x86
		{BBD091FD-C176-4A2F-B2B3-35C300D85D7F}.Release|Any CPU.ActiveCfg = Release|Any CPU
		{BBD091FD-C176-4A2F-B2B3-35C300D85D7F}.Release|Any CPU.Build.0 = Release|Any CPU
		{BBD091FD-C176-4A2F-B2B3-35C300D85D7F}.Release|x86.ActiveCfg = Release|x86
		{BBD091FD-C176-4A2F-B2B3-35C300D85D7F}.Release|x86.Build.0 = Release|x86
		{51A8129E-0FF9-44A9-81F4-44B70950ADB2}.Debug|Any CPU.ActiveCfg = Debug|Any CPU
		{51A8129E-0FF9-44A9-81F4-44B70950ADB2}.Debug|Any CPU.Build.0 = Debug|Any CPU
		{51A8129E-0FF9-44A9-81F4-44B70950ADB2}.Debug|x86.ActiveCfg = Debug|x86
		{51A8129E-0FF9-44A9-81F4-44B70950ADB2}.Debug|x86.Build.0 = Debug|x86
		{51A8129E-0FF9-44A9-81F4-44B70950ADB2}.Release|Any CPU.ActiveCfg = Release|Any CPU
		{51A8129E-0FF9-44A9-81F4-44B70950ADB2}.Release|Any CPU.Build.0 = Release|Any CPU
		{51A8129E-0FF9-44A9-81F4-44B70950ADB2}.Release|x86.ActiveCfg = Release|x86
		{51A8129E-0FF9-44A9-81F4-44B70950ADB2}.Release|x86.Build.0 = Release|x86
		{B02DA989-8ED6-4943-AE04-13F8DFE82396}.Debug|Any CPU.ActiveCfg = Debug|Any CPU
		{B02DA989-8ED6-4943-AE04-13F8DFE82396}.Debug|Any CPU.Build.0 = Debug|Any CPU
		{B02DA989-8ED6-4943-AE04-13F8DFE82396}.Debug|x86.ActiveCfg = Debug|x86
		{B02DA989-8ED6-4943-AE04-13F8DFE82396}.Debug|x86.Build.0 = Debug|x86
		{B02DA989-8ED6-4943-AE04-13F8DFE82396}.Release|Any CPU.ActiveCfg = Release|Any CPU
		{B02DA989-8ED6-4943-AE04-13F8DFE82396}.Release|Any CPU.Build.0 = Release|Any CPU
		{B02DA989-8ED6-4943-AE04-13F8DFE82396}.Release|x86.ActiveCfg = Release|Any CPU
		{B02DA989-8ED6-4943-AE04-13F8DFE82396}.Release|x86.Build.0 = Release|Any CPU
	EndGlobalSection
	GlobalSection(SolutionProperties) = preSolution
		HideSolutionNode = FALSE
	EndGlobalSection
	GlobalSection(ExtensibilityGlobals) = postSolution
		SolutionGuid = {ABC97F80-F347-4F76-9FB3-BB7716A670EB}
	EndGlobalSection
EndGlobal
